
Microsoft Visual Studio Solution File, Format Version 12.00
# Visual Studio Version 16
VisualStudioVersion = 16.0.30011.22
MinimumVisualStudioVersion = 10.0.40219.1
Project("{FAE04EC0-301F-11D3-BF4B-00C04F79EFBC}") = "BooksonicOrganizer", "BooksonicOrganizer\BooksonicOrganizer.csproj", "{7411FF6B-72D2-49F2-B803-26E0352BEEF3}"
EndProject
Global
	GlobalSection(SolutionConfigurationPlatforms) = preSolution
		Debug|Any CPU = Debug|Any CPU
		Release|Any CPU = Release|Any CPU
	EndGlobalSection
	GlobalSection(ProjectConfigurationPlatforms) = postSolution
		{7411FF6B-72D2-49F2-B803-26E0352BEEF3}.Debug|Any CPU.ActiveCfg = Debug|Any CPU
		{7411FF6B-72D2-49F2-B803-26E0352BEEF3}.Debug|Any CPU.Build.0 = Debug|Any CPU
		{7411FF6B-72D2-49F2-B803-26E0352BEEF3}.Release|Any CPU.ActiveCfg = Release|Any CPU
		{7411FF6B-72D2-49F2-B803-26E0352BEEF3}.Release|Any CPU.Build.0 = Release|Any CPU
	EndGlobalSection
	GlobalSection(SolutionProperties) = preSolution
		HideSolutionNode = FALSE
	EndGlobalSection
	GlobalSection(ExtensibilityGlobals) = postSolution
		SolutionGuid = {4DEA79CD-E30A-4EF0-BD7E-7EC62EDB142C}
	EndGlobalSection
EndGlobal
